// !$*UTF8*$!
{
	archiveVersion = 1;
	classes = {
	};
	objectVersion = 50;
	objects = {

/* Begin PBXBuildFile section */
		F8B611B9235FF0B600971D06 /* AppDelegate.swift in Sources */ = {isa = PBXBuildFile; fileRef = F8B611B8235FF0B600971D06 /* AppDelegate.swift */; };
		F8B611BE235FF0B600971D06 /* Movie.storyboard in Resources */ = {isa = PBXBuildFile; fileRef = F8B611BC235FF0B600971D06 /* Movie.storyboard */; };
		F8B611C0235FF0B700971D06 /* Assets.xcassets in Resources */ = {isa = PBXBuildFile; fileRef = F8B611BF235FF0B700971D06 /* Assets.xcassets */; };
		F8B611C3235FF0B700971D06 /* LaunchScreen.storyboard in Resources */ = {isa = PBXBuildFile; fileRef = F8B611C1235FF0B700971D06 /* LaunchScreen.storyboard */; };
		F8B611CE235FF0B700971D06 /* MovieAppTests.swift in Sources */ = {isa = PBXBuildFile; fileRef = F8B611CD235FF0B700971D06 /* MovieAppTests.swift */; };
		F8B611E22362791F00971D06 /* MovieInteractor.swift in Sources */ = {isa = PBXBuildFile; fileRef = F8B611DB2362791F00971D06 /* MovieInteractor.swift */; };
		F8B611E32362791F00971D06 /* MovieLocalDataManager.swift in Sources */ = {isa = PBXBuildFile; fileRef = F8B611DC2362791F00971D06 /* MovieLocalDataManager.swift */; };
		F8B611E42362791F00971D06 /* MoviePresenter.swift in Sources */ = {isa = PBXBuildFile; fileRef = F8B611DD2362791F00971D06 /* MoviePresenter.swift */; };
		F8B611E52362791F00971D06 /* MovieProtocols.swift in Sources */ = {isa = PBXBuildFile; fileRef = F8B611DE2362791F00971D06 /* MovieProtocols.swift */; };
		F8B611E62362791F00971D06 /* MovieRemoteDataManager.swift in Sources */ = {isa = PBXBuildFile; fileRef = F8B611DF2362791F00971D06 /* MovieRemoteDataManager.swift */; };
		F8B611E72362791F00971D06 /* MovieView.swift in Sources */ = {isa = PBXBuildFile; fileRef = F8B611E02362791F00971D06 /* MovieView.swift */; };
		F8B611E82362791F00971D06 /* MovieWireFrame.swift in Sources */ = {isa = PBXBuildFile; fileRef = F8B611E12362791F00971D06 /* MovieWireFrame.swift */; };
/* End PBXBuildFile section */

/* Begin PBXContainerItemProxy section */
		F8B611CA235FF0B700971D06 /* PBXContainerItemProxy */ = {
			isa = PBXContainerItemProxy;
			containerPortal = F8B611AD235FF0B600971D06 /* Project object */;
			proxyType = 1;
			remoteGlobalIDString = F8B611B4235FF0B600971D06;
			remoteInfo = MovieApp;
		};
/* End PBXContainerItemProxy section */

/* Begin PBXFileReference section */
		F8B611B5235FF0B600971D06 /* MovieApp.app */ = {isa = PBXFileReference; explicitFileType = wrapper.application; includeInIndex = 0; path = MovieApp.app; sourceTree = BUILT_PRODUCTS_DIR; };
		F8B611B8235FF0B600971D06 /* AppDelegate.swift */ = {isa = PBXFileReference; lastKnownFileType = sourcecode.swift; path = AppDelegate.swift; sourceTree = "<group>"; };
		F8B611BD235FF0B600971D06 /* Base */ = {isa = PBXFileReference; lastKnownFileType = file.storyboard; name = Base; path = Base.lproj/Movie.storyboard; sourceTree = "<group>"; };
		F8B611BF235FF0B700971D06 /* Assets.xcassets */ = {isa = PBXFileReference; lastKnownFileType = folder.assetcatalog; path = Assets.xcassets; sourceTree = "<group>"; };
		F8B611C2235FF0B700971D06 /* Base */ = {isa = PBXFileReference; lastKnownFileType = file.storyboard; name = Base; path = Base.lproj/LaunchScreen.storyboard; sourceTree = "<group>"; };
		F8B611C4235FF0B700971D06 /* Info.plist */ = {isa = PBXFileReference; lastKnownFileType = text.plist.xml; path = Info.plist; sourceTree = "<group>"; };
		F8B611C9235FF0B700971D06 /* MovieAppTests.xctest */ = {isa = PBXFileReference; explicitFileType = wrapper.cfbundle; includeInIndex = 0; path = MovieAppTests.xctest; sourceTree = BUILT_PRODUCTS_DIR; };
		F8B611CD235FF0B700971D06 /* MovieAppTests.swift */ = {isa = PBXFileReference; lastKnownFileType = sourcecode.swift; path = MovieAppTests.swift; sourceTree = "<group>"; };
		F8B611CF235FF0B700971D06 /* Info.plist */ = {isa = PBXFileReference; lastKnownFileType = text.plist.xml; path = Info.plist; sourceTree = "<group>"; };
		F8B611DB2362791F00971D06 /* MovieInteractor.swift */ = {isa = PBXFileReference; lastKnownFileType = sourcecode.swift; path = MovieInteractor.swift; sourceTree = "<group>"; };
		F8B611DC2362791F00971D06 /* MovieLocalDataManager.swift */ = {isa = PBXFileReference; lastKnownFileType = sourcecode.swift; path = MovieLocalDataManager.swift; sourceTree = "<group>"; };
		F8B611DD2362791F00971D06 /* MoviePresenter.swift */ = {isa = PBXFileReference; lastKnownFileType = sourcecode.swift; path = MoviePresenter.swift; sourceTree = "<group>"; };
		F8B611DE2362791F00971D06 /* MovieProtocols.swift */ = {isa = PBXFileReference; lastKnownFileType = sourcecode.swift; path = MovieProtocols.swift; sourceTree = "<group>"; };
		F8B611DF2362791F00971D06 /* MovieRemoteDataManager.swift */ = {isa = PBXFileReference; lastKnownFileType = sourcecode.swift; path = MovieRemoteDataManager.swift; sourceTree = "<group>"; };
		F8B611E02362791F00971D06 /* MovieView.swift */ = {isa = PBXFileReference; lastKnownFileType = sourcecode.swift; path = MovieView.swift; sourceTree = "<group>"; };
		F8B611E12362791F00971D06 /* MovieWireFrame.swift */ = {isa = PBXFileReference; lastKnownFileType = sourcecode.swift; path = MovieWireFrame.swift; sourceTree = "<group>"; };
/* End PBXFileReference section */

/* Begin PBXFrameworksBuildPhase section */
		F8B611B2235FF0B600971D06 /* Frameworks */ = {
			isa = PBXFrameworksBuildPhase;
			buildActionMask = 2147483647;
			files = (
			);
			runOnlyForDeploymentPostprocessing = 0;
		};
		F8B611C6235FF0B700971D06 /* Frameworks */ = {
			isa = PBXFrameworksBuildPhase;
			buildActionMask = 2147483647;
			files = (
			);
			runOnlyForDeploymentPostprocessing = 0;
		};
/* End PBXFrameworksBuildPhase section */

/* Begin PBXGroup section */
		F8B611AC235FF0B600971D06 = {
			isa = PBXGroup;
			children = (
				F8B611B7235FF0B600971D06 /* MovieApp */,
				F8B611CC235FF0B700971D06 /* MovieAppTests */,
				F8B611B6235FF0B600971D06 /* Products */,
			);
			sourceTree = "<group>";
		};
		F8B611B6235FF0B600971D06 /* Products */ = {
			isa = PBXGroup;
			children = (
				F8B611B5235FF0B600971D06 /* MovieApp.app */,
				F8B611C9235FF0B700971D06 /* MovieAppTests.xctest */,
			);
			name = Products;
			sourceTree = "<group>";
		};
		F8B611B7235FF0B600971D06 /* MovieApp */ = {
			isa = PBXGroup;
			children = (
				F8B611B8235FF0B600971D06 /* AppDelegate.swift */,
				F8B611D8236278AA00971D06 /* Modules */,
				F8B611BF235FF0B700971D06 /* Assets.xcassets */,
				F8B611C1235FF0B700971D06 /* LaunchScreen.storyboard */,
				F8B611C4235FF0B700971D06 /* Info.plist */,
			);
			path = MovieApp;
			sourceTree = "<group>";
		};
		F8B611CC235FF0B700971D06 /* MovieAppTests */ = {
			isa = PBXGroup;
			children = (
				F8B611CD235FF0B700971D06 /* MovieAppTests.swift */,
				F8B611CF235FF0B700971D06 /* Info.plist */,
			);
			path = MovieAppTests;
			sourceTree = "<group>";
		};
		F8B611D8236278AA00971D06 /* Modules */ = {
			isa = PBXGroup;
			children = (
				F8B611D9236278BD00971D06 /* Movie */,
				F8B611DA236278C800971D06 /* MovieDetail */,
			);
			path = Modules;
			sourceTree = "<group>";
		};
		F8B611D9236278BD00971D06 /* Movie */ = {
			isa = PBXGroup;
			children = (
				F8B611DB2362791F00971D06 /* MovieInteractor.swift */,
				F8B611DC2362791F00971D06 /* MovieLocalDataManager.swift */,
				F8B611DD2362791F00971D06 /* MoviePresenter.swift */,
				F8B611DE2362791F00971D06 /* MovieProtocols.swift */,
				F8B611DF2362791F00971D06 /* MovieRemoteDataManager.swift */,
				F8B611E02362791F00971D06 /* MovieView.swift */,
				F8B611E12362791F00971D06 /* MovieWireFrame.swift */,
				F8B611BC235FF0B600971D06 /* Movie.storyboard */,
			);
			path = Movie;
			sourceTree = "<group>";
		};
		F8B611DA236278C800971D06 /* MovieDetail */ = {
			isa = PBXGroup;
			children = (
			);
			path = MovieDetail;
			sourceTree = "<group>";
		};
/* End PBXGroup section */

/* Begin PBXNativeTarget section */
		F8B611B4235FF0B600971D06 /* MovieApp */ = {
			isa = PBXNativeTarget;
			buildConfigurationList = F8B611D2235FF0B700971D06 /* Build configuration list for PBXNativeTarget "MovieApp" */;
			buildPhases = (
				F8B611B1235FF0B600971D06 /* Sources */,
				F8B611B2235FF0B600971D06 /* Frameworks */,
				F8B611B3235FF0B600971D06 /* Resources */,
			);
			buildRules = (
			);
			dependencies = (
			);
			name = MovieApp;
			productName = MovieApp;
			productReference = F8B611B5235FF0B600971D06 /* MovieApp.app */;
			productType = "com.apple.product-type.application";
		};
		F8B611C8235FF0B700971D06 /* MovieAppTests */ = {
			isa = PBXNativeTarget;
			buildConfigurationList = F8B611D5235FF0B700971D06 /* Build configuration list for PBXNativeTarget "MovieAppTests" */;
			buildPhases = (
				F8B611C5235FF0B700971D06 /* Sources */,
				F8B611C6235FF0B700971D06 /* Frameworks */,
				F8B611C7235FF0B700971D06 /* Resources */,
			);
			buildRules = (
			);
			dependencies = (
				F8B611CB235FF0B700971D06 /* PBXTargetDependency */,
			);
			name = MovieAppTests;
			productName = MovieAppTests;
			productReference = F8B611C9235FF0B700971D06 /* MovieAppTests.xctest */;
			productType = "com.apple.product-type.bundle.unit-test";
		};
/* End PBXNativeTarget section */

/* Begin PBXProject section */
		F8B611AD235FF0B600971D06 /* Project object */ = {
			isa = PBXProject;
			attributes = {
				LastSwiftUpdateCheck = 1010;
				LastUpgradeCheck = 1010;
				ORGANIZATIONNAME = "Christian Martinez";
				TargetAttributes = {
					F8B611B4235FF0B600971D06 = {
						CreatedOnToolsVersion = 10.1;
					};
					F8B611C8235FF0B700971D06 = {
						CreatedOnToolsVersion = 10.1;
						TestTargetID = F8B611B4235FF0B600971D06;
					};
				};
			};
			buildConfigurationList = F8B611B0235FF0B600971D06 /* Build configuration list for PBXProject "MovieApp" */;
			compatibilityVersion = "Xcode 9.3";
			developmentRegion = en;
			hasScannedForEncodings = 0;
			knownRegions = (
				en,
				Base,
			);
			mainGroup = F8B611AC235FF0B600971D06;
			productRefGroup = F8B611B6235FF0B600971D06 /* Products */;
			projectDirPath = "";
			projectRoot = "";
			targets = (
				F8B611B4235FF0B600971D06 /* MovieApp */,
				F8B611C8235FF0B700971D06 /* MovieAppTests */,
			);
		};
/* End PBXProject section */

/* Begin PBXResourcesBuildPhase section */
		F8B611B3235FF0B600971D06 /* Resources */ = {
			isa = PBXResourcesBuildPhase;
			buildActionMask = 2147483647;
			files = (
				F8B611C3235FF0B700971D06 /* LaunchScreen.storyboard in Resources */,
				F8B611C0235FF0B700971D06 /* Assets.xcassets in Resources */,
				F8B611BE235FF0B600971D06 /* Movie.storyboard in Resources */,
			);
			runOnlyForDeploymentPostprocessing = 0;
		};
		F8B611C7235FF0B700971D06 /* Resources */ = {
			isa = PBXResourcesBuildPhase;
			buildActionMask = 2147483647;
			files = (
			);
			runOnlyForDeploymentPostprocessing = 0;
		};
/* End PBXResourcesBuildPhase section */

/* Begin PBXSourcesBuildPhase section */
		F8B611B1235FF0B600971D06 /* Sources */ = {
			isa = PBXSourcesBuildPhase;
			buildActionMask = 2147483647;
			files = (
				F8B611E22362791F00971D06 /* MovieInteractor.swift in Sources */,
				F8B611E62362791F00971D06 /* MovieRemoteDataManager.swift in Sources */,
				F8B611E32362791F00971D06 /* MovieLocalDataManager.swift in Sources */,
				F8B611E42362791F00971D06 /* MoviePresenter.swift in Sources */,
				F8B611E72362791F00971D06 /* MovieView.swift in Sources */,
				F8B611E52362791F00971D06 /* MovieProtocols.swift in Sources */,
				F8B611B9235FF0B600971D06 /* AppDelegate.swift in Sources */,
				F8B611E82362791F00971D06 /* MovieWireFrame.swift in Sources */,
			);
			runOnlyForDeploymentPostprocessing = 0;
		};
		F8B611C5235FF0B700971D06 /* Sources */ = {
			isa = PBXSourcesBuildPhase;
			buildActionMask = 2147483647;
			files = (
				F8B611CE235FF0B700971D06 /* MovieAppTests.swift in Sources */,
			);
			runOnlyForDeploymentPostprocessing = 0;
		};
/* End PBXSourcesBuildPhase section */

/* Begin PBXTargetDependency section */
		F8B611CB235FF0B700971D06 /* PBXTargetDependency */ = {
			isa = PBXTargetDependency;
			target = F8B611B4235FF0B600971D06 /* MovieApp */;
			targetProxy = F8B611CA235FF0B700971D06 /* PBXContainerItemProxy */;
		};
/* End PBXTargetDependency section */

/* Begin PBXVariantGroup section */
		F8B611BC235FF0B600971D06 /* Movie.storyboard */ = {
			isa = PBXVariantGroup;
			children = (
				F8B611BD235FF0B600971D06 /* Base */,
			);
			name = Movie.storyboard;
			sourceTree = "<group>";
		};
		F8B611C1235FF0B700971D06 /* LaunchScreen.storyboard */ = {
			isa = PBXVariantGroup;
			children = (
				F8B611C2235FF0B700971D06 /* Base */,
			);
			name = LaunchScreen.storyboard;
			sourceTree = "<group>";
		};
/* End PBXVariantGroup section */

/* Begin XCBuildConfiguration section */
		F8B611D0235FF0B700971D06 /* Debug */ = {
			isa = XCBuildConfiguration;
			buildSettings = {
				ALWAYS_SEARCH_USER_PATHS = NO;
				CLANG_ANALYZER_NONNULL = YES;
				CLANG_ANALYZER_NUMBER_OBJECT_CONVERSION = YES_AGGRESSIVE;
				CLANG_CXX_LANGUAGE_STANDARD = "gnu++14";
				CLANG_CXX_LIBRARY = "libc++";
				CLANG_ENABLE_MODULES = YES;
				CLANG_ENABLE_OBJC_ARC = YES;
				CLANG_ENABLE_OBJC_WEAK = YES;
				CLANG_WARN_BLOCK_CAPTURE_AUTORELEASING = YES;
				CLANG_WARN_BOOL_CONVERSION = YES;
				CLANG_WARN_COMMA = YES;
				CLANG_WARN_CONSTANT_CONVERSION = YES;
				CLANG_WARN_DEPRECATED_OBJC_IMPLEMENTATIONS = YES;
				CLANG_WARN_DIRECT_OBJC_ISA_USAGE = YES_ERROR;
				CLANG_WARN_DOCUMENTATION_COMMENTS = YES;
				CLANG_WARN_EMPTY_BODY = YES;
				CLANG_WARN_ENUM_CONVERSION = YES;
				CLANG_WARN_INFINITE_RECURSION = YES;
				CLANG_WARN_INT_CONVERSION = YES;
				CLANG_WARN_NON_LITERAL_NULL_CONVERSION = YES;
				CLANG_WARN_OBJC_IMPLICIT_RETAIN_SELF = YES;
				CLANG_WARN_OBJC_LITERAL_CONVERSION = YES;
				CLANG_WARN_OBJC_ROOT_CLASS = YES_ERROR;
				CLANG_WARN_RANGE_LOOP_ANALYSIS = YES;
				CLANG_WARN_STRICT_PROTOTYPES = YES;
				CLANG_WARN_SUSPICIOUS_MOVE = YES;
				CLANG_WARN_UNGUARDED_AVAILABILITY = YES_AGGRESSIVE;
				CLANG_WARN_UNREACHABLE_CODE = YES;
				CLANG_WARN__DUPLICATE_METHOD_MATCH = YES;
				CODE_SIGN_IDENTITY = "iPhone Developer";
				COPY_PHASE_STRIP = NO;
				DEBUG_INFORMATION_FORMAT = dwarf;
				ENABLE_STRICT_OBJC_MSGSEND = YES;
				ENABLE_TESTABILITY = YES;
				GCC_C_LANGUAGE_STANDARD = gnu11;
				GCC_DYNAMIC_NO_PIC = NO;
				GCC_NO_COMMON_BLOCKS = YES;
				GCC_OPTIMIZATION_LEVEL = 0;
				GCC_PREPROCESSOR_DEFINITIONS = (
					"DEBUG=1",
					"$(inherited)",
				);
				GCC_WARN_64_TO_32_BIT_CONVERSION = YES;
				GCC_WARN_ABOUT_RETURN_TYPE = YES_ERROR;
				GCC_WARN_UNDECLARED_SELECTOR = YES;
				GCC_WARN_UNINITIALIZED_AUTOS = YES_AGGRESSIVE;
				GCC_WARN_UNUSED_FUNCTION = YES;
				GCC_WARN_UNUSED_VARIABLE = YES;
				IPHONEOS_DEPLOYMENT_TARGET = 12.1;
				MTL_ENABLE_DEBUG_INFO = INCLUDE_SOURCE;
				MTL_FAST_MATH = YES;
				ONLY_ACTIVE_ARCH = YES;
				SDKROOT = iphoneos;
				SWIFT_ACTIVE_COMPILATION_CONDITIONS = DEBUG;
				SWIFT_OPTIMIZATION_LEVEL = "-Onone";
			};
			name = Debug;
		};
		F8B611D1235FF0B700971D06 /* Release */ = {
			isa = XCBuildConfiguration;
			buildSettings = {
				ALWAYS_SEARCH_USER_PATHS = NO;
				CLANG_ANALYZER_NONNULL = YES;
				CLANG_ANALYZER_NUMBER_OBJECT_CONVERSION = YES_AGGRESSIVE;
				CLANG_CXX_LANGUAGE_STANDARD = "gnu++14";
				CLANG_CXX_LIBRARY = "libc++";
				CLANG_ENABLE_MODULES = YES;
				CLANG_ENABLE_OBJC_ARC = YES;
				CLANG_ENABLE_OBJC_WEAK = YES;
				CLANG_WARN_BLOCK_CAPTURE_AUTORELEASING = YES;
				CLANG_WARN_BOOL_CONVERSION = YES;
				CLANG_WARN_COMMA = YES;
				CLANG_WARN_CONSTANT_CONVERSION = YES;
				CLANG_WARN_DEPRECATED_OBJC_IMPLEMENTATIONS = YES;
				CLANG_WARN_DIRECT_OBJC_ISA_USAGE = YES_ERROR;
				CLANG_WARN_DOCUMENTATION_COMMENTS = YES;
				CLANG_WARN_EMPTY_BODY = YES;
				CLANG_WARN_ENUM_CONVERSION = YES;
				CLANG_WARN_INFINITE_RECURSION = YES;
				CLANG_WARN_INT_CONVERSION = YES;
				CLANG_WARN_NON_LITERAL_NULL_CONVERSION = YES;
				CLANG_WARN_OBJC_IMPLICIT_RETAIN_SELF = YES;
				CLANG_WARN_OBJC_LITERAL_CONVERSION = YES;
				CLANG_WARN_OBJC_ROOT_CLASS = YES_ERROR;
				CLANG_WARN_RANGE_LOOP_ANALYSIS = YES;
				CLANG_WARN_STRICT_PROTOTYPES = YES;
				CLANG_WARN_SUSPICIOUS_MOVE = YES;
				CLANG_WARN_UNGUARDED_AVAILABILITY = YES_AGGRESSIVE;
				CLANG_WARN_UNREACHABLE_CODE = YES;
				CLANG_WARN__DUPLICATE_METHOD_MATCH = YES;
				CODE_SIGN_IDENTITY = "iPhone Developer";
				COPY_PHASE_STRIP = NO;
				DEBUG_INFORMATION_FORMAT = "dwarf-with-dsym";
				ENABLE_NS_ASSERTIONS = NO;
				ENABLE_STRICT_OBJC_MSGSEND = YES;
				GCC_C_LANGUAGE_STANDARD = gnu11;
				GCC_NO_COMMON_BLOCKS = YES;
				GCC_WARN_64_TO_32_BIT_CONVERSION = YES;
				GCC_WARN_ABOUT_RETURN_TYPE = YES_ERROR;
				GCC_WARN_UNDECLARED_SELECTOR = YES;
				GCC_WARN_UNINITIALIZED_AUTOS = YES_AGGRESSIVE;
				GCC_WARN_UNUSED_FUNCTION = YES;
				GCC_WARN_UNUSED_VARIABLE = YES;
				IPHONEOS_DEPLOYMENT_TARGET = 12.1;
				MTL_ENABLE_DEBUG_INFO = NO;
				MTL_FAST_MATH = YES;
				SDKROOT = iphoneos;
				SWIFT_COMPILATION_MODE = wholemodule;
				SWIFT_OPTIMIZATION_LEVEL = "-O";
				VALIDATE_PRODUCT = YES;
			};
			name = Release;
		};
		F8B611D3235FF0B700971D06 /* Debug */ = {
			isa = XCBuildConfiguration;
			buildSettings = {
				ASSETCATALOG_COMPILER_APPICON_NAME = AppIcon;
				CODE_SIGN_STYLE = Automatic;
				DEVELOPMENT_TEAM = GTDY9TVEBL;
				INFOPLIST_FILE = MovieApp/Info.plist;
				LD_RUNPATH_SEARCH_PATHS = (
					"$(inherited)",
					"@executable_path/Frameworks",
				);
				PRODUCT_BUNDLE_IDENTIFIER = com.dev.MovieApp;
				PRODUCT_NAME = "$(TARGET_NAME)";
				SWIFT_VERSION = 4.2;
				TARGETED_DEVICE_FAMILY = "1,2";
			};
			name = Debug;
		};
		F8B611D4235FF0B700971D06 /* Release */ = {
			isa = XCBuildConfiguration;
			buildSettings = {
				ASSETCATALOG_COMPILER_APPICON_NAME = AppIcon;
				CODE_SIGN_STYLE = Automatic;
				DEVELOPMENT_TEAM = GTDY9TVEBL;
				INFOPLIST_FILE = MovieApp/Info.plist;
				LD_RUNPATH_SEARCH_PATHS = (
					"$(inherited)",
					"@executable_path/Frameworks",
				);
				PRODUCT_BUNDLE_IDENTIFIER = com.dev.MovieApp;
				PRODUCT_NAME = "$(TARGET_NAME)";
				SWIFT_VERSION = 4.2;
				TARGETED_DEVICE_FAMILY = "1,2";
			};
			name = Release;
		};
		F8B611D6235FF0B700971D06 /* Debug */ = {
			isa = XCBuildConfiguration;
			buildSettings = {
				ALWAYS_EMBED_SWIFT_STANDARD_LIBRARIES = YES;
				BUNDLE_LOADER = "$(TEST_HOST)";
				CODE_SIGN_STYLE = Automatic;
				DEVELOPMENT_TEAM = GTDY9TVEBL;
				INFOPLIST_FILE = MovieAppTests/Info.plist;
				LD_RUNPATH_SEARCH_PATHS = (
					"$(inherited)",
					"@executable_path/Frameworks",
					"@loader_path/Frameworks",
				);
				PRODUCT_BUNDLE_IDENTIFIER = com.dev.MovieAppTests;
				PRODUCT_NAME = "$(TARGET_NAME)";
				SWIFT_VERSION = 4.2;
				TARGETED_DEVICE_FAMILY = "1,2";
				TEST_HOST = "$(BUILT_PRODUCTS_DIR)/MovieApp.app/MovieApp";
			};
			name = Debug;
		};
		F8B611D7235FF0B700971D06 /* Release */ = {
			isa = XCBuildConfiguration;
			buildSettings = {
				ALWAYS_EMBED_SWIFT_STANDARD_LIBRARIES = YES;
				BUNDLE_LOADER = "$(TEST_HOST)";
				CODE_SIGN_STYLE = Automatic;
				DEVELOPMENT_TEAM = GTDY9TVEBL;
				INFOPLIST_FILE = MovieAppTests/Info.plist;
				LD_RUNPATH_SEARCH_PATHS = (
					"$(inherited)",
					"@executable_path/Frameworks",
					"@loader_path/Frameworks",
				);
				PRODUCT_BUNDLE_IDENTIFIER = com.dev.MovieAppTests;
				PRODUCT_NAME = "$(TARGET_NAME)";
				SWIFT_VERSION = 4.2;
				TARGETED_DEVICE_FAMILY = "1,2";
				TEST_HOST = "$(BUILT_PRODUCTS_DIR)/MovieApp.app/MovieApp";
			};
			name = Release;
		};
/* End XCBuildConfiguration section */

/* Begin XCConfigurationList section */
		F8B611B0235FF0B600971D06 /* Build configuration list for PBXProject "MovieApp" */ = {
			isa = XCConfigurationList;
			buildConfigurations = (
				F8B611D0235FF0B700971D06 /* Debug */,
				F8B611D1235FF0B700971D06 /* Release */,
			);
			defaultConfigurationIsVisible = 0;
			defaultConfigurationName = Release;
		};
		F8B611D2235FF0B700971D06 /* Build configuration list for PBXNativeTarget "MovieApp" */ = {
			isa = XCConfigurationList;
			buildConfigurations = (
				F8B611D3235FF0B700971D06 /* Debug */,
				F8B611D4235FF0B700971D06 /* Release */,
			);
			defaultConfigurationIsVisible = 0;
			defaultConfigurationName = Release;
		};
		F8B611D5235FF0B700971D06 /* Build configuration list for PBXNativeTarget "MovieAppTests" */ = {
			isa = XCConfigurationList;
			buildConfigurations = (
				F8B611D6235FF0B700971D06 /* Debug */,
				F8B611D7235FF0B700971D06 /* Release */,
			);
			defaultConfigurationIsVisible = 0;
			defaultConfigurationName = Release;
		};
/* End XCConfigurationList section */
	};
	rootObject = F8B611AD235FF0B600971D06 /* Project object */;
}
